
Microsoft Visual Studio Solution File, Format Version 12.00
# Visual Studio Version 17
VisualStudioVersion = 17.13.35931.197 d17.13
MinimumVisualStudioVersion = 10.0.40219.1
Project("{54A90642-561A-4BB1-A94E-469ADEE60C69}") = "videoAI", "videoAI\videoAI.esproj", "{5FF1DF29-D991-A843-5E49-32BC5AD2AAE6}"
EndProject
Global
	GlobalSection(SolutionConfigurationPlatforms) = preSolution
		Debug|Any CPU = Debug|Any CPU
		Release|Any CPU = Release|Any CPU
	EndGlobalSection
	GlobalSection(ProjectConfigurationPlatforms) = postSolution
		{5FF1DF29-D991-A843-5E49-32BC5AD2AAE6}.Debug|Any CPU.ActiveCfg = Debug|Any CPU
		{5FF1DF29-D991-A843-5E49-32BC5AD2AAE6}.Debug|Any CPU.Build.0 = Debug|Any CPU
		{5FF1DF29-D991-A843-5E49-32BC5AD2AAE6}.Debug|Any CPU.Deploy.0 = Debug|Any CPU
		{5FF1DF29-D991-A843-5E49-32BC5AD2AAE6}.Release|Any CPU.ActiveCfg = Release|Any CPU
		{5FF1DF29-D991-A843-5E49-32BC5AD2AAE6}.Release|Any CPU.Build.0 = Release|Any CPU
		{5FF1DF29-D991-A843-5E49-32BC5AD2AAE6}.Release|Any CPU.Deploy.0 = Release|Any CPU
	EndGlobalSection
	GlobalSection(SolutionProperties) = preSolution
		HideSolutionNode = FALSE
	EndGlobalSection
	GlobalSection(ExtensibilityGlobals) = postSolution
		SolutionGuid = {668C5E59-8CF8-487D-9D7A-7B75F8FBD33C}
	EndGlobalSection
EndGlobal
